// !$*UTF8*$!
{
	archiveVersion = 1;
	classes = {
	};
	objectVersion = 77;
	objects = {

/* Begin PBXBuildFile section */
		0C784D3C2F51616B00F8D9D9 /* GoogleSignIn in Frameworks */ = {isa = PBXBuildFile; productRef = 0C784D3B2F51616B00F8D9D9 /* GoogleSignIn */; };
		0C784D3E2F51616B00F8D9D9 /* GoogleSignInSwift in Frameworks */ = {isa = PBXBuildFile; productRef = 0C784D3D2F51616B00F8D9D9 /* GoogleSignInSwift */; };
		0C95DC7C2F3F0507002172BA /* FirebaseAI in Frameworks */ = {isa = PBXBuildFile; productRef = 0C95DC7B2F3F0507002172BA /* FirebaseAI */; };
		0C95DC7E2F3F0507002172BA /* FirebaseAILogic in Frameworks */ = {isa = PBXBuildFile; productRef = 0C95DC7D2F3F0507002172BA /* FirebaseAILogic */; };
		0C95DC802F3F0507002172BA /* FirebaseAnalytics in Frameworks */ = {isa = PBXBuildFile; productRef = 0C95DC7F2F3F0507002172BA /* FirebaseAnalytics */; };
		0C95DC822F3F0507002172BA /* FirebaseAnalyticsCore in Frameworks */ = {isa = PBXBuildFile; productRef = 0C95DC812F3F0507002172BA /* FirebaseAnalyticsCore */; };
		0C95DC842F3F0507002172BA /* FirebaseAnalyticsIdentitySupport in Frameworks */ = {isa = PBXBuildFile; productRef = 0C95DC832F3F0507002172BA /* FirebaseAnalyticsIdentitySupport */; };
		0C95DC862F3F0507002172BA /* FirebaseAppCheck in Frameworks */ = {isa = PBXBuildFile; productRef = 0C95DC852F3F0507002172BA /* FirebaseAppCheck */; };
		0C95DC882F3F0507002172BA /* FirebaseAppDistribution-Beta in Frameworks */ = {isa = PBXBuildFile; productRef = 0C95DC872F3F0507002172BA /* FirebaseAppDistribution-Beta */; };
		0C95DC8A2F3F0507002172BA /* FirebaseAuth in Frameworks */ = {isa = PBXBuildFile; productRef = 0C95DC892F3F0507002172BA /* FirebaseAuth */; };
		0C95DC8C2F3F0507002172BA /* FirebaseAuthCombine-Community in Frameworks */ = {isa = PBXBuildFile; productRef = 0C95DC8B2F3F0507002172BA /* FirebaseAuthCombine-Community */; };
		0C95DC8E2F3F0507002172BA /* FirebaseCore in Frameworks */ = {isa = PBXBuildFile; productRef = 0C95DC8D2F3F0507002172BA /* FirebaseCore */; };
		0C95DC902F3F0507002172BA /* FirebaseCrashlytics in Frameworks */ = {isa = PBXBuildFile; productRef = 0C95DC8F2F3F0507002172BA /* FirebaseCrashlytics */; };
		0C95DC922F3F0507002172BA /* FirebaseDatabase in Frameworks */ = {isa = PBXBuildFile; productRef = 0C95DC912F3F0507002172BA /* FirebaseDatabase */; };
		0C95DC942F3F0507002172BA /* FirebaseFirestore in Frameworks */ = {isa = PBXBuildFile; productRef = 0C95DC932F3F0507002172BA /* FirebaseFirestore */; };
		0C95DC962F3F0507002172BA /* FirebaseFirestoreCombine-Community in Frameworks */ = {isa = PBXBuildFile; productRef = 0C95DC952F3F0507002172BA /* FirebaseFirestoreCombine-Community */; };
		0C95DC982F3F0507002172BA /* FirebaseFunctions in Frameworks */ = {isa = PBXBuildFile; productRef = 0C95DC972F3F0507002172BA /* FirebaseFunctions */; };
		0C95DC9A2F3F0507002172BA /* FirebaseFunctionsCombine-Community in Frameworks */ = {isa = PBXBuildFile; productRef = 0C95DC992F3F0507002172BA /* FirebaseFunctionsCombine-Community */; };
		0C95DC9C2F3F0507002172BA /* FirebaseInAppMessaging-Beta in Frameworks */ = {isa = PBXBuildFile; productRef = 0C95DC9B2F3F0507002172BA /* FirebaseInAppMessaging-Beta */; };
		0C95DC9E2F3F0507002172BA /* FirebaseInstallations in Frameworks */ = {isa = PBXBuildFile; productRef = 0C95DC9D2F3F0507002172BA /* FirebaseInstallations */; };
		0C95DCA02F3F0507002172BA /* FirebaseMLModelDownloader in Frameworks */ = {isa = PBXBuildFile; productRef = 0C95DC9F2F3F0507002172BA /* FirebaseMLModelDownloader */; };
		0C95DCA22F3F0507002172BA /* FirebaseMessaging in Frameworks */ = {isa = PBXBuildFile; productRef = 0C95DCA12F3F0507002172BA /* FirebaseMessaging */; };
		0C95DCA42F3F0507002172BA /* FirebasePerformance in Frameworks */ = {isa = PBXBuildFile; productRef = 0C95DCA32F3F0507002172BA /* FirebasePerformance */; };
		0C95DCA62F3F0507002172BA /* FirebaseRemoteConfig in Frameworks */ = {isa = PBXBuildFile; productRef = 0C95DCA52F3F0507002172BA /* FirebaseRemoteConfig */; };
		0C95DCA82F3F0507002172BA /* FirebaseStorage in Frameworks */ = {isa = PBXBuildFile; productRef = 0C95DCA72F3F0507002172BA /* FirebaseStorage */; };
		0C95DCAA2F3F0507002172BA /* FirebaseStorageCombine-Community in Frameworks */ = {isa = PBXBuildFile; productRef = 0C95DCA92F3F0507002172BA /* FirebaseStorageCombine-Community */; };
/* End PBXBuildFile section */

/* Begin PBXContainerItemProxy section */
		0C1319862F2C43E9008A4B1E /* PBXContainerItemProxy */ = {
			isa = PBXContainerItemProxy;
			containerPortal = 0C13196D2F2C43E7008A4B1E /* Project object */;
			proxyType = 1;
			remoteGlobalIDString = 0C1319742F2C43E7008A4B1E;
			remoteInfo = TravelPlanner;
		};
		0C1319902F2C43E9008A4B1E /* PBXContainerItemProxy */ = {
			isa = PBXContainerItemProxy;
			containerPortal = 0C13196D2F2C43E7008A4B1E /* Project object */;
			proxyType = 1;
			remoteGlobalIDString = 0C1319742F2C43E7008A4B1E;
			remoteInfo = TravelPlanner;
		};
/* End PBXContainerItemProxy section */

/* Begin PBXFileReference section */
		0C1319752F2C43E8008A4B1E /* TravelPlanner.app */ = {isa = PBXFileReference; explicitFileType = wrapper.application; includeInIndex = 0; path = TravelPlanner.app; sourceTree = BUILT_PRODUCTS_DIR; };
		0C1319852F2C43E9008A4B1E /* TravelPlannerTests.xctest */ = {isa = PBXFileReference; explicitFileType = wrapper.cfbundle; includeInIndex = 0; path = TravelPlannerTests.xctest; sourceTree = BUILT_PRODUCTS_DIR; };
		0C13198F2F2C43E9008A4B1E /* TravelPlannerUITests.xctest */ = {isa = PBXFileReference; explicitFileType = wrapper.cfbundle; includeInIndex = 0; path = TravelPlannerUITests.xctest; sourceTree = BUILT_PRODUCTS_DIR; };
/* End PBXFileReference section */

/* Begin PBXFileSystemSynchronizedBuildFileExceptionSet section */
		0C784E632F543BC400F8D9D9 /* Exceptions for "TravelPlanner" folder in "TravelPlanner" target */ = {
			isa = PBXFileSystemSynchronizedBuildFileExceptionSet;
			membershipExceptions = (
				Info.plist,
			);
			target = 0C1319742F2C43E7008A4B1E /* TravelPlanner */;
		};
		0C95DCAF2F3F0DC4002172BA /* Exceptions for "TravelPlanner" folder in "TravelPlannerTests" target */ = {
			isa = PBXFileSystemSynchronizedBuildFileExceptionSet;
			membershipExceptions = (
				Assets/HomepageAssets/swissBanner.jpg,
				"GoogleService-Info.plist",
				Info.plist,
			);
			target = 0C1319842F2C43E9008A4B1E /* TravelPlannerTests */;
		};
		0C95DCB02F3F0DC4002172BA /* Exceptions for "TravelPlanner" folder in "TravelPlannerUITests" target */ = {
			isa = PBXFileSystemSynchronizedBuildFileExceptionSet;
			membershipExceptions = (
				Assets/HomepageAssets/swissBanner.jpg,
				"GoogleService-Info.plist",
				Info.plist,
			);
			target = 0C13198E2F2C43E9008A4B1E /* TravelPlannerUITests */;
		};
/* End PBXFileSystemSynchronizedBuildFileExceptionSet section */

/* Begin PBXFileSystemSynchronizedRootGroup section */
		0C1319772F2C43E8008A4B1E /* TravelPlanner */ = {
			isa = PBXFileSystemSynchronizedRootGroup;
			exceptions = (
				0C784E632F543BC400F8D9D9 /* Exceptions for "TravelPlanner" folder in "TravelPlanner" target */,
				0C95DCAF2F3F0DC4002172BA /* Exceptions for "TravelPlanner" folder in "TravelPlannerTests" target */,
				0C95DCB02F3F0DC4002172BA /* Exceptions for "TravelPlanner" folder in "TravelPlannerUITests" target */,
			);
			path = TravelPlanner;
			sourceTree = "<group>";
		};
		0C1319882F2C43E9008A4B1E /* TravelPlannerTests */ = {
			isa = PBXFileSystemSynchronizedRootGroup;
			path = TravelPlannerTests;
			sourceTree = "<group>";
		};
		0C1319922F2C43E9008A4B1E /* TravelPlannerUITests */ = {
			isa = PBXFileSystemSynchronizedRootGroup;
			path = TravelPlannerUITests;
			sourceTree = "<group>";
		};
/* End PBXFileSystemSynchronizedRootGroup section */

/* Begin PBXFrameworksBuildPhase section */
		0C1319722F2C43E7008A4B1E /* Frameworks */ = {
			isa = PBXFrameworksBuildPhase;
			buildActionMask = 2147483647;
			files = (
				0C95DC882F3F0507002172BA /* FirebaseAppDistribution-Beta in Frameworks */,
				0C95DC942F3F0507002172BA /* FirebaseFirestore in Frameworks */,
				0C95DC8C2F3F0507002172BA /* FirebaseAuthCombine-Community in Frameworks */,
				0C95DC9E2F3F0507002172BA /* FirebaseInstallations in Frameworks */,
				0C95DC7E2F3F0507002172BA /* FirebaseAILogic in Frameworks */,
				0C784D3E2F51616B00F8D9D9 /* GoogleSignInSwift in Frameworks */,
				0C95DC842F3F0507002172BA /* FirebaseAnalyticsIdentitySupport in Frameworks */,
				0C95DC9C2F3F0507002172BA /* FirebaseInAppMessaging-Beta in Frameworks */,
				0C95DC7C2F3F0507002172BA /* FirebaseAI in Frameworks */,
				0C95DC902F3F0507002172BA /* FirebaseCrashlytics in Frameworks */,
				0C95DC9A2F3F0507002172BA /* FirebaseFunctionsCombine-Community in Frameworks */,
				0C95DCAA2F3F0507002172BA /* FirebaseStorageCombine-Community in Frameworks */,
				0C95DC922F3F0507002172BA /* FirebaseDatabase in Frameworks */,
				0C95DCA82F3F0507002172BA /* FirebaseStorage in Frameworks */,
				0C95DCA62F3F0507002172BA /* FirebaseRemoteConfig in Frameworks */,
				0C95DC802F3F0507002172BA /* FirebaseAnalytics in Frameworks */,
				0C784D3C2F51616B00F8D9D9 /* GoogleSignIn in Frameworks */,
				0C95DCA22F3F0507002172BA /* FirebaseMessaging in Frameworks */,
				0C95DCA02F3F0507002172BA /* FirebaseMLModelDownloader in Frameworks */,
				0C95DCA42F3F0507002172BA /* FirebasePerformance in Frameworks */,
				0C95DC8E2F3F0507002172BA /* FirebaseCore in Frameworks */,
				0C95DC862F3F0507002172BA /* FirebaseAppCheck in Frameworks */,
				0C95DC822F3F0507002172BA /* FirebaseAnalyticsCore in Frameworks */,
				0C95DC982F3F0507002172BA /* FirebaseFunctions in Frameworks */,
				0C95DC8A2F3F0507002172BA /* FirebaseAuth in Frameworks */,
				0C95DC962F3F0507002172BA /* FirebaseFirestoreCombine-Community in Frameworks */,
			);
			runOnlyForDeploymentPostprocessing = 0;
		};
		0C1319822F2C43E9008A4B1E /* Frameworks */ = {
			isa = PBXFrameworksBuildPhase;
			buildActionMask = 2147483647;
			files = (
			);
			runOnlyForDeploymentPostprocessing = 0;
		};
		0C13198C2F2C43E9008A4B1E /* Frameworks */ = {
			isa = PBXFrameworksBuildPhase;
			buildActionMask = 2147483647;
			files = (
			);
			runOnlyForDeploymentPostprocessing = 0;
		};
/* End PBXFrameworksBuildPhase section */

/* Begin PBXGroup section */
		0C13196C2F2C43E7008A4B1E = {
			isa = PBXGroup;
			children = (
				0C1319772F2C43E8008A4B1E /* TravelPlanner */,
				0C1319882F2C43E9008A4B1E /* TravelPlannerTests */,
				0C1319922F2C43E9008A4B1E /* TravelPlannerUITests */,
				0C1319762F2C43E8008A4B1E /* Products */,
			);
			sourceTree = "<group>";
		};
		0C1319762F2C43E8008A4B1E /* Products */ = {
			isa = PBXGroup;
			children = (
				0C1319752F2C43E8008A4B1E /* TravelPlanner.app */,
				0C1319852F2C43E9008A4B1E /* TravelPlannerTests.xctest */,
				0C13198F2F2C43E9008A4B1E /* TravelPlannerUITests.xctest */,
			);
			name = Products;
			sourceTree = "<group>";
		};
/* End PBXGroup section */

/* Begin PBXNativeTarget section */
		0C1319742F2C43E7008A4B1E /* TravelPlanner */ = {
			isa = PBXNativeTarget;
			buildConfigurationList = 0C1319992F2C43E9008A4B1E /* Build configuration list for PBXNativeTarget "TravelPlanner" */;
			buildPhases = (
				0C1319712F2C43E7008A4B1E /* Sources */,
				0C1319722F2C43E7008A4B1E /* Frameworks */,
				0C1319732F2C43E7008A4B1E /* Resources */,
			);
			buildRules = (
			);
			dependencies = (
			);
			fileSystemSynchronizedGroups = (
				0C1319772F2C43E8008A4B1E /* TravelPlanner */,
			);
			name = TravelPlanner;
			packageProductDependencies = (
				0C95DC7B2F3F0507002172BA /* FirebaseAI */,
				0C95DC7D2F3F0507002172BA /* FirebaseAILogic */,
				0C95DC7F2F3F0507002172BA /* FirebaseAnalytics */,
				0C95DC812F3F0507002172BA /* FirebaseAnalyticsCore */,
				0C95DC832F3F0507002172BA /* FirebaseAnalyticsIdentitySupport */,
				0C95DC852F3F0507002172BA /* FirebaseAppCheck */,
				0C95DC872F3F0507002172BA /* FirebaseAppDistribution-Beta */,
				0C95DC892F3F0507002172BA /* FirebaseAuth */,
				0C95DC8B2F3F0507002172BA /* FirebaseAuthCombine-Community */,
				0C95DC8D2F3F0507002172BA /* FirebaseCore */,
				0C95DC8F2F3F0507002172BA /* FirebaseCrashlytics */,
				0C95DC912F3F0507002172BA /* FirebaseDatabase */,
				0C95DC932F3F0507002172BA /* FirebaseFirestore */,
				0C95DC952F3F0507002172BA /* FirebaseFirestoreCombine-Community */,
				0C95DC972F3F0507002172BA /* FirebaseFunctions */,
				0C95DC992F3F0507002172BA /* FirebaseFunctionsCombine-Community */,
				0C95DC9B2F3F0507002172BA /* FirebaseInAppMessaging-Beta */,
				0C95DC9D2F3F0507002172BA /* FirebaseInstallations */,
				0C95DC9F2F3F0507002172BA /* FirebaseMLModelDownloader */,
				0C95DCA12F3F0507002172BA /* FirebaseMessaging */,
				0C95DCA32F3F0507002172BA /* FirebasePerformance */,
				0C95DCA52F3F0507002172BA /* FirebaseRemoteConfig */,
				0C95DCA72F3F0507002172BA /* FirebaseStorage */,
				0C95DCA92F3F0507002172BA /* FirebaseStorageCombine-Community */,
				0C784D3B2F51616B00F8D9D9 /* GoogleSignIn */,
				0C784D3D2F51616B00F8D9D9 /* GoogleSignInSwift */,
			);
			productName = TravelPlanner;
			productReference = 0C1319752F2C43E8008A4B1E /* TravelPlanner.app */;
			productType = "com.apple.product-type.application";
		};
		0C1319842F2C43E9008A4B1E /* TravelPlannerTests */ = {
			isa = PBXNativeTarget;
			buildConfigurationList = 0C13199C2F2C43E9008A4B1E /* Build configuration list for PBXNativeTarget "TravelPlannerTests" */;
			buildPhases = (
				0C1319812F2C43E9008A4B1E /* Sources */,
				0C1319822F2C43E9008A4B1E /* Frameworks */,
				0C1319832F2C43E9008A4B1E /* Resources */,
			);
			buildRules = (
			);
			dependencies = (
				0C1319872F2C43E9008A4B1E /* PBXTargetDependency */,
			);
			fileSystemSynchronizedGroups = (
				0C1319882F2C43E9008A4B1E /* TravelPlannerTests */,
			);
			name = TravelPlannerTests;
			packageProductDependencies = (
			);
			productName = TravelPlannerTests;
			productReference = 0C1319852F2C43E9008A4B1E /* TravelPlannerTests.xctest */;
			productType = "com.apple.product-type.bundle.unit-test";
		};
		0C13198E2F2C43E9008A4B1E /* TravelPlannerUITests */ = {
			isa = PBXNativeTarget;
			buildConfigurationList = 0C13199F2F2C43E9008A4B1E /* Build configuration list for PBXNativeTarget "TravelPlannerUITests" */;
			buildPhases = (
				0C13198B2F2C43E9008A4B1E /* Sources */,
				0C13198C2F2C43E9008A4B1E /* Frameworks */,
				0C13198D2F2C43E9008A4B1E /* Resources */,
			);
			buildRules = (
			);
			dependencies = (
				0C1319912F2C43E9008A4B1E /* PBXTargetDependency */,
			);
			fileSystemSynchronizedGroups = (
				0C1319922F2C43E9008A4B1E /* TravelPlannerUITests */,
			);
			name = TravelPlannerUITests;
			packageProductDependencies = (
			);
			productName = TravelPlannerUITests;
			productReference = 0C13198F2F2C43E9008A4B1E /* TravelPlannerUITests.xctest */;
			productType = "com.apple.product-type.bundle.ui-testing";
		};
/* End PBXNativeTarget section */

/* Begin PBXProject section */
		0C13196D2F2C43E7008A4B1E /* Project object */ = {
			isa = PBXProject;
			attributes = {
				BuildIndependentTargetsInParallel = 1;
				LastSwiftUpdateCheck = 1620;
				LastUpgradeCheck = 1620;
				TargetAttributes = {
					0C1319742F2C43E7008A4B1E = {
						CreatedOnToolsVersion = 16.2;
					};
					0C1319842F2C43E9008A4B1E = {
						CreatedOnToolsVersion = 16.2;
						TestTargetID = 0C1319742F2C43E7008A4B1E;
					};
					0C13198E2F2C43E9008A4B1E = {
						CreatedOnToolsVersion = 16.2;
						TestTargetID = 0C1319742F2C43E7008A4B1E;
					};
				};
			};
			buildConfigurationList = 0C1319702F2C43E7008A4B1E /* Build configuration list for PBXProject "TravelPlanner" */;
			developmentRegion = en;
			hasScannedForEncodings = 0;
			knownRegions = (
				en,
				Base,
			);
			mainGroup = 0C13196C2F2C43E7008A4B1E;
			minimizedProjectReferenceProxies = 1;
			packageReferences = (
				0C95DC7A2F3F0507002172BA /* XCRemoteSwiftPackageReference "firebase-ios-sdk" */,
				0C784D3A2F51616B00F8D9D9 /* XCRemoteSwiftPackageReference "GoogleSignIn-iOS" */,
			);
			preferredProjectObjectVersion = 77;
			productRefGroup = 0C1319762F2C43E8008A4B1E /* Products */;
			projectDirPath = "";
			projectRoot = "";
			targets = (
				0C1319742F2C43E7008A4B1E /* TravelPlanner */,
				0C1319842F2C43E9008A4B1E /* TravelPlannerTests */,
				0C13198E2F2C43E9008A4B1E /* TravelPlannerUITests */,
			);
		};
/* End PBXProject section */

/* Begin PBXResourcesBuildPhase section */
		0C1319732F2C43E7008A4B1E /* Resources */ = {
			isa = PBXResourcesBuildPhase;
			buildActionMask = 2147483647;
			files = (
			);
			runOnlyForDeploymentPostprocessing = 0;
		};
		0C1319832F2C43E9008A4B1E /* Resources */ = {
			isa = PBXResourcesBuildPhase;
			buildActionMask = 2147483647;
			files = (
			);
			runOnlyForDeploymentPostprocessing = 0;
		};
		0C13198D2F2C43E9008A4B1E /* Resources */ = {
			isa = PBXResourcesBuildPhase;
			buildActionMask = 2147483647;
			files = (
			);
			runOnlyForDeploymentPostprocessing = 0;
		};
/* End PBXResourcesBuildPhase section */

/* Begin PBXSourcesBuildPhase section */
		0C1319712F2C43E7008A4B1E /* Sources */ = {
			isa = PBXSourcesBuildPhase;
			buildActionMask = 2147483647;
			files = (
			);
			runOnlyForDeploymentPostprocessing = 0;
		};
		0C1319812F2C43E9008A4B1E /* Sources */ = {
			isa = PBXSourcesBuildPhase;
			buildActionMask = 2147483647;
			files = (
			);
			runOnlyForDeploymentPostprocessing = 0;
		};
		0C13198B2F2C43E9008A4B1E /* Sources */ = {
			isa = PBXSourcesBuildPhase;
			buildActionMask = 2147483647;
			files = (
			);
			runOnlyForDeploymentPostprocessing = 0;
		};
/* End PBXSourcesBuildPhase section */

/* Begin PBXTargetDependency section */
		0C1319872F2C43E9008A4B1E /* PBXTargetDependency */ = {
			isa = PBXTargetDependency;
			target = 0C1319742F2C43E7008A4B1E /* TravelPlanner */;
			targetProxy = 0C1319862F2C43E9008A4B1E /* PBXContainerItemProxy */;
		};
		0C1319912F2C43E9008A4B1E /* PBXTargetDependency */ = {
			isa = PBXTargetDependency;
			target = 0C1319742F2C43E7008A4B1E /* TravelPlanner */;
			targetProxy = 0C1319902F2C43E9008A4B1E /* PBXContainerItemProxy */;
		};
/* End PBXTargetDependency section */

/* Begin XCBuildConfiguration section */
		0C1319972F2C43E9008A4B1E /* Debug */ = {
			isa = XCBuildConfiguration;
			buildSettings = {
				ALWAYS_SEARCH_USER_PATHS = NO;
				ASSETCATALOG_COMPILER_GENERATE_SWIFT_ASSET_SYMBOL_EXTENSIONS = YES;
				CLANG_ANALYZER_NONNULL = YES;
				CLANG_ANALYZER_NUMBER_OBJECT_CONVERSION = YES_AGGRESSIVE;
				CLANG_CXX_LANGUAGE_STANDARD = "gnu++20";
				CLANG_ENABLE_MODULES = YES;
				CLANG_ENABLE_OBJC_ARC = YES;
				CLANG_ENABLE_OBJC_WEAK = YES;
				CLANG_WARN_BLOCK_CAPTURE_AUTORELEASING = YES;
				CLANG_WARN_BOOL_CONVERSION = YES;
				CLANG_WARN_COMMA = YES;
				CLANG_WARN_CONSTANT_CONVERSION = YES;
				CLANG_WARN_DEPRECATED_OBJC_IMPLEMENTATIONS = YES;
				CLANG_WARN_DIRECT_OBJC_ISA_USAGE = YES_ERROR;
				CLANG_WARN_DOCUMENTATION_COMMENTS = YES;
				CLANG_WARN_EMPTY_BODY = YES;
				CLANG_WARN_ENUM_CONVERSION = YES;
				CLANG_WARN_INFINITE_RECURSION = YES;
				CLANG_WARN_INT_CONVERSION = YES;
				CLANG_WARN_NON_LITERAL_NULL_CONVERSION = YES;
				CLANG_WARN_OBJC_IMPLICIT_RETAIN_SELF = YES;
				CLANG_WARN_OBJC_LITERAL_CONVERSION = YES;
				CLANG_WARN_OBJC_ROOT_CLASS = YES_ERROR;
				CLANG_WARN_QUOTED_INCLUDE_IN_FRAMEWORK_HEADER = YES;
				CLANG_WARN_RANGE_LOOP_ANALYSIS = YES;
				CLANG_WARN_STRICT_PROTOTYPES = YES;
				CLANG_WARN_SUSPICIOUS_MOVE = YES;
				CLANG_WARN_UNGUARDED_AVAILABILITY = YES_AGGRESSIVE;
				CLANG_WARN_UNREACHABLE_CODE = YES;
				CLANG_WARN__DUPLICATE_METHOD_MATCH = YES;
				COPY_PHASE_STRIP = NO;
				DEBUG_INFORMATION_FORMAT = dwarf;
				ENABLE_STRICT_OBJC_MSGSEND = YES;
				ENABLE_TESTABILITY = YES;
				ENABLE_USER_SCRIPT_SANDBOXING = YES;
				GCC_C_LANGUAGE_STANDARD = gnu17;
				GCC_DYNAMIC_NO_PIC = NO;
				GCC_NO_COMMON_BLOCKS = YES;
				GCC_OPTIMIZATION_LEVEL = 0;
				GCC_PREPROCESSOR_DEFINITIONS = (
					"DEBUG=1",
					"$(inherited)",
				);
				GCC_WARN_64_TO_32_BIT_CONVERSION = YES;
				GCC_WARN_ABOUT_RETURN_TYPE = YES_ERROR;
				GCC_WARN_UNDECLARED_SELECTOR = YES;
				GCC_WARN_UNINITIALIZED_AUTOS = YES_AGGRESSIVE;
				GCC_WARN_UNUSED_FUNCTION = YES;
				GCC_WARN_UNUSED_VARIABLE = YES;
				GENERATE_INFOPLIST_FILE = YES;
				IPHONEOS_DEPLOYMENT_TARGET = 18.2;
				LOCALIZATION_PREFERS_STRING_CATALOGS = YES;
				MTL_ENABLE_DEBUG_INFO = INCLUDE_SOURCE;
				MTL_FAST_MATH = YES;
				ONLY_ACTIVE_ARCH = YES;
				SDKROOT = iphoneos;
				SWIFT_ACTIVE_COMPILATION_CONDITIONS = "DEBUG $(inherited)";
				SWIFT_OPTIMIZATION_LEVEL = "-Onone";
			};
			name = Debug;
		};
		0C1319982F2C43E9008A4B1E /* Release */ = {
			isa = XCBuildConfiguration;
			buildSettings = {
				ALWAYS_SEARCH_USER_PATHS = NO;
				ASSETCATALOG_COMPILER_GENERATE_SWIFT_ASSET_SYMBOL_EXTENSIONS = YES;
				CLANG_ANALYZER_NONNULL = YES;
				CLANG_ANALYZER_NUMBER_OBJECT_CONVERSION = YES_AGGRESSIVE;
				CLANG_CXX_LANGUAGE_STANDARD = "gnu++20";
				CLANG_ENABLE_MODULES = YES;
				CLANG_ENABLE_OBJC_ARC = YES;
				CLANG_ENABLE_OBJC_WEAK = YES;
				CLANG_WARN_BLOCK_CAPTURE_AUTORELEASING = YES;
				CLANG_WARN_BOOL_CONVERSION = YES;
				CLANG_WARN_COMMA = YES;
				CLANG_WARN_CONSTANT_CONVERSION = YES;
				CLANG_WARN_DEPRECATED_OBJC_IMPLEMENTATIONS = YES;
				CLANG_WARN_DIRECT_OBJC_ISA_USAGE = YES_ERROR;
				CLANG_WARN_DOCUMENTATION_COMMENTS = YES;
				CLANG_WARN_EMPTY_BODY = YES;
				CLANG_WARN_ENUM_CONVERSION = YES;
				CLANG_WARN_INFINITE_RECURSION = YES;
				CLANG_WARN_INT_CONVERSION = YES;
				CLANG_WARN_NON_LITERAL_NULL_CONVERSION = YES;
				CLANG_WARN_OBJC_IMPLICIT_RETAIN_SELF = YES;
				CLANG_WARN_OBJC_LITERAL_CONVERSION = YES;
				CLANG_WARN_OBJC_ROOT_CLASS = YES_ERROR;
				CLANG_WARN_QUOTED_INCLUDE_IN_FRAMEWORK_HEADER = YES;
				CLANG_WARN_RANGE_LOOP_ANALYSIS = YES;
				CLANG_WARN_STRICT_PROTOTYPES = YES;
				CLANG_WARN_SUSPICIOUS_MOVE = YES;
				CLANG_WARN_UNGUARDED_AVAILABILITY = YES_AGGRESSIVE;
				CLANG_WARN_UNREACHABLE_CODE = YES;
				CLANG_WARN__DUPLICATE_METHOD_MATCH = YES;
				COPY_PHASE_STRIP = NO;
				DEBUG_INFORMATION_FORMAT = "dwarf-with-dsym";
				ENABLE_NS_ASSERTIONS = NO;
				ENABLE_STRICT_OBJC_MSGSEND = YES;
				ENABLE_USER_SCRIPT_SANDBOXING = YES;
				GCC_C_LANGUAGE_STANDARD = gnu17;
				GCC_NO_COMMON_BLOCKS = YES;
				GCC_WARN_64_TO_32_BIT_CONVERSION = YES;
				GCC_WARN_ABOUT_RETURN_TYPE = YES_ERROR;
				GCC_WARN_UNDECLARED_SELECTOR = YES;
				GCC_WARN_UNINITIALIZED_AUTOS = YES_AGGRESSIVE;
				GCC_WARN_UNUSED_FUNCTION = YES;
				GCC_WARN_UNUSED_VARIABLE = YES;
				GENERATE_INFOPLIST_FILE = YES;
				IPHONEOS_DEPLOYMENT_TARGET = 18.2;
				LOCALIZATION_PREFERS_STRING_CATALOGS = YES;
				MTL_ENABLE_DEBUG_INFO = NO;
				MTL_FAST_MATH = YES;
				SDKROOT = iphoneos;
				SWIFT_COMPILATION_MODE = wholemodule;
				VALIDATE_PRODUCT = YES;
			};
			name = Release;
		};
		0C13199A2F2C43E9008A4B1E /* Debug */ = {
			isa = XCBuildConfiguration;
			buildSettings = {
				ASSETCATALOG_COMPILER_APPICON_NAME = AppIcon;
				ASSETCATALOG_COMPILER_GLOBAL_ACCENT_COLOR_NAME = AccentColor;
				ASSETCATALOG_COMPILER_INCLUDE_ALL_APPICON_ASSETS = YES;
				CODE_SIGN_STYLE = Automatic;
				CURRENT_PROJECT_VERSION = 1;
				DEVELOPMENT_ASSET_PATHS = "\"TravelPlanner/Preview Content\"";
				DEVELOPMENT_TEAM = TNJP6MKZGD;
				ENABLE_PREVIEWS = YES;
				GENERATE_INFOPLIST_FILE = YES;
				INFOPLIST_FILE = TravelPlanner/Info.plist;
				INFOPLIST_KEY_CFBundleDisplayName = MAPSI;
				INFOPLIST_KEY_LSApplicationCategoryType = "public.app-category.travel";
				INFOPLIST_KEY_UIApplicationSceneManifest_Generation = YES;
				INFOPLIST_KEY_UIApplicationSupportsIndirectInputEvents = YES;
				INFOPLIST_KEY_UILaunchStoryboardName = LaunchScreen;
				INFOPLIST_KEY_UISupportedInterfaceOrientations_iPad = "UIInterfaceOrientationPortrait UIInterfaceOrientationPortraitUpsideDown UIInterfaceOrientationLandscapeLeft UIInterfaceOrientationLandscapeRight";
				INFOPLIST_KEY_UISupportedInterfaceOrientations_iPhone = "UIInterfaceOrientationPortrait UIInterfaceOrientationLandscapeLeft UIInterfaceOrientationLandscapeRight";
				LD_RUNPATH_SEARCH_PATHS = (
					"$(inherited)",
					"@executable_path/Frameworks",
				);
				MARKETING_VERSION = 1.0;
				PRODUCT_BUNDLE_IDENTIFIER = com.stormforge26.TravelPlanner;
				PRODUCT_NAME = "$(TARGET_NAME)";
				SWIFT_EMIT_LOC_STRINGS = YES;
				SWIFT_VERSION = 5.0;
				TARGETED_DEVICE_FAMILY = "1,2";
			};
			name = Debug;
		};
		0C13199B2F2C43E9008A4B1E /* Release */ = {
			isa = XCBuildConfiguration;
			buildSettings = {
				ASSETCATALOG_COMPILER_APPICON_NAME = AppIcon;
				ASSETCATALOG_COMPILER_GLOBAL_ACCENT_COLOR_NAME = AccentColor;
				ASSETCATALOG_COMPILER_INCLUDE_ALL_APPICON_ASSETS = YES;
				CODE_SIGN_STYLE = Automatic;
				CURRENT_PROJECT_VERSION = 1;
				DEVELOPMENT_ASSET_PATHS = "\"TravelPlanner/Preview Content\"";
				DEVELOPMENT_TEAM = TNJP6MKZGD;
				ENABLE_PREVIEWS = YES;
				GENERATE_INFOPLIST_FILE = YES;
				INFOPLIST_FILE = TravelPlanner/Info.plist;
				INFOPLIST_KEY_CFBundleDisplayName = MAPSI;
				INFOPLIST_KEY_LSApplicationCategoryType = "public.app-category.travel";
				INFOPLIST_KEY_UIApplicationSceneManifest_Generation = YES;
				INFOPLIST_KEY_UIApplicationSupportsIndirectInputEvents = YES;
				INFOPLIST_KEY_UILaunchStoryboardName = LaunchScreen;
				INFOPLIST_KEY_UISupportedInterfaceOrientations_iPad = "UIInterfaceOrientationPortrait UIInterfaceOrientationPortraitUpsideDown UIInterfaceOrientationLandscapeLeft UIInterfaceOrientationLandscapeRight";
				INFOPLIST_KEY_UISupportedInterfaceOrientations_iPhone = "UIInterfaceOrientationPortrait UIInterfaceOrientationLandscapeLeft UIInterfaceOrientationLandscapeRight";
				LD_RUNPATH_SEARCH_PATHS = (
					"$(inherited)",
					"@executable_path/Frameworks",
				);
				MARKETING_VERSION = 1.0;
				PRODUCT_BUNDLE_IDENTIFIER = com.stormforge26.TravelPlanner;
				PRODUCT_NAME = "$(TARGET_NAME)";
				SWIFT_EMIT_LOC_STRINGS = YES;
				SWIFT_VERSION = 5.0;
				TARGETED_DEVICE_FAMILY = "1,2";
			};
			name = Release;
		};
		0C13199D2F2C43E9008A4B1E /* Debug */ = {
			isa = XCBuildConfiguration;
			buildSettings = {
				BUNDLE_LOADER = "$(TEST_HOST)";
				CODE_SIGN_STYLE = Automatic;
				CURRENT_PROJECT_VERSION = 1;
				DEVELOPMENT_TEAM = TNJP6MKZGD;
				GENERATE_INFOPLIST_FILE = YES;
				IPHONEOS_DEPLOYMENT_TARGET = 18.2;
				MARKETING_VERSION = 1.0;
				PRODUCT_BUNDLE_IDENTIFIER = com.stormforge26.TravelPlannerTests;
				PRODUCT_NAME = "$(TARGET_NAME)";
				SWIFT_EMIT_LOC_STRINGS = NO;
				SWIFT_VERSION = 5.0;
				TARGETED_DEVICE_FAMILY = "1,2";
				TEST_HOST = "$(BUILT_PRODUCTS_DIR)/TravelPlanner.app/$(BUNDLE_EXECUTABLE_FOLDER_PATH)/TravelPlanner";
			};
			name = Debug;
		};
		0C13199E2F2C43E9008A4B1E /* Release */ = {
			isa = XCBuildConfiguration;
			buildSettings = {
				BUNDLE_LOADER = "$(TEST_HOST)";
				CODE_SIGN_STYLE = Automatic;
				CURRENT_PROJECT_VERSION = 1;
				DEVELOPMENT_TEAM = TNJP6MKZGD;
				GENERATE_INFOPLIST_FILE = YES;
				IPHONEOS_DEPLOYMENT_TARGET = 18.2;
				MARKETING_VERSION = 1.0;
				PRODUCT_BUNDLE_IDENTIFIER = com.stormforge26.TravelPlannerTests;
				PRODUCT_NAME = "$(TARGET_NAME)";
				SWIFT_EMIT_LOC_STRINGS = NO;
				SWIFT_VERSION = 5.0;
				TARGETED_DEVICE_FAMILY = "1,2";
				TEST_HOST = "$(BUILT_PRODUCTS_DIR)/TravelPlanner.app/$(BUNDLE_EXECUTABLE_FOLDER_PATH)/TravelPlanner";
			};
			name = Release;
		};
		0C1319A02F2C43E9008A4B1E /* Debug */ = {
			isa = XCBuildConfiguration;
			buildSettings = {
				CODE_SIGN_STYLE = Automatic;
				CURRENT_PROJECT_VERSION = 1;
				DEVELOPMENT_TEAM = TNJP6MKZGD;
				GENERATE_INFOPLIST_FILE = YES;
				MARKETING_VERSION = 1.0;
				PRODUCT_BUNDLE_IDENTIFIER = com.stormforge26.TravelPlannerUITests;
				PRODUCT_NAME = "$(TARGET_NAME)";
				SWIFT_EMIT_LOC_STRINGS = NO;
				SWIFT_VERSION = 5.0;
				TARGETED_DEVICE_FAMILY = "1,2";
				TEST_TARGET_NAME = TravelPlanner;
			};
			name = Debug;
		};
		0C1319A12F2C43E9008A4B1E /* Release */ = {
			isa = XCBuildConfiguration;
			buildSettings = {
				CODE_SIGN_STYLE = Automatic;
				CURRENT_PROJECT_VERSION = 1;
				DEVELOPMENT_TEAM = TNJP6MKZGD;
				GENERATE_INFOPLIST_FILE = YES;
				MARKETING_VERSION = 1.0;
				PRODUCT_BUNDLE_IDENTIFIER = com.stormforge26.TravelPlannerUITests;
				PRODUCT_NAME = "$(TARGET_NAME)";
				SWIFT_EMIT_LOC_STRINGS = NO;
				SWIFT_VERSION = 5.0;
				TARGETED_DEVICE_FAMILY = "1,2";
				TEST_TARGET_NAME = TravelPlanner;
			};
			name = Release;
		};
/* End XCBuildConfiguration section */

/* Begin XCConfigurationList section */
		0C1319702F2C43E7008A4B1E /* Build configuration list for PBXProject "TravelPlanner" */ = {
			isa = XCConfigurationList;
			buildConfigurations = (
				0C1319972F2C43E9008A4B1E /* Debug */,
				0C1319982F2C43E9008A4B1E /* Release */,
			);
			defaultConfigurationIsVisible = 0;
			defaultConfigurationName = Release;
		};
		0C1319992F2C43E9008A4B1E /* Build configuration list for PBXNativeTarget "TravelPlanner" */ = {
			isa = XCConfigurationList;
			buildConfigurations = (
				0C13199A2F2C43E9008A4B1E /* Debug */,
				0C13199B2F2C43E9008A4B1E /* Release */,
			);
			defaultConfigurationIsVisible = 0;
			defaultConfigurationName = Release;
		};
		0C13199C2F2C43E9008A4B1E /* Build configuration list for PBXNativeTarget "TravelPlannerTests" */ = {
			isa = XCConfigurationList;
			buildConfigurations = (
				0C13199D2F2C43E9008A4B1E /* Debug */,
				0C13199E2F2C43E9008A4B1E /* Release */,
			);
			defaultConfigurationIsVisible = 0;
			defaultConfigurationName = Release;
		};
		0C13199F2F2C43E9008A4B1E /* Build configuration list for PBXNativeTarget "TravelPlannerUITests" */ = {
			isa = XCConfigurationList;
			buildConfigurations = (
				0C1319A02F2C43E9008A4B1E /* Debug */,
				0C1319A12F2C43E9008A4B1E /* Release */,
			);
			defaultConfigurationIsVisible = 0;
			defaultConfigurationName = Release;
		};
/* End XCConfigurationList section */

/* Begin XCRemoteSwiftPackageReference section */
		0C784D3A2F51616B00F8D9D9 /* XCRemoteSwiftPackageReference "GoogleSignIn-iOS" */ = {
			isa = XCRemoteSwiftPackageReference;
			repositoryURL = "https://github.com/google/GoogleSignIn-iOS";
			requirement = {
				kind = upToNextMajorVersion;
				minimumVersion = 9.1.0;
			};
		};
		0C95DC7A2F3F0507002172BA /* XCRemoteSwiftPackageReference "firebase-ios-sdk" */ = {
			isa = XCRemoteSwiftPackageReference;
			repositoryURL = "https://github.com/firebase/firebase-ios-sdk";
			requirement = {
				kind = upToNextMajorVersion;
				minimumVersion = 12.9.0;
			};
		};
/* End XCRemoteSwiftPackageReference section */

/* Begin XCSwiftPackageProductDependency section */
		0C784D3B2F51616B00F8D9D9 /* GoogleSignIn */ = {
			isa = XCSwiftPackageProductDependency;
			package = 0C784D3A2F51616B00F8D9D9 /* XCRemoteSwiftPackageReference "GoogleSignIn-iOS" */;
			productName = GoogleSignIn;
		};
		0C784D3D2F51616B00F8D9D9 /* GoogleSignInSwift */ = {
			isa = XCSwiftPackageProductDependency;
			package = 0C784D3A2F51616B00F8D9D9 /* XCRemoteSwiftPackageReference "GoogleSignIn-iOS" */;
			productName = GoogleSignInSwift;
		};
		0C95DC7B2F3F0507002172BA /* FirebaseAI */ = {
			isa = XCSwiftPackageProductDependency;
			package = 0C95DC7A2F3F0507002172BA /* XCRemoteSwiftPackageReference "firebase-ios-sdk" */;
			productName = FirebaseAI;
		};
		0C95DC7D2F3F0507002172BA /* FirebaseAILogic */ = {
			isa = XCSwiftPackageProductDependency;
			package = 0C95DC7A2F3F0507002172BA /* XCRemoteSwiftPackageReference "firebase-ios-sdk" */;
			productName = FirebaseAILogic;
		};
		0C95DC7F2F3F0507002172BA /* FirebaseAnalytics */ = {
			isa = XCSwiftPackageProductDependency;
			package = 0C95DC7A2F3F0507002172BA /* XCRemoteSwiftPackageReference "firebase-ios-sdk" */;
			productName = FirebaseAnalytics;
		};
		0C95DC812F3F0507002172BA /* FirebaseAnalyticsCore */ = {
			isa = XCSwiftPackageProductDependency;
			package = 0C95DC7A2F3F0507002172BA /* XCRemoteSwiftPackageReference "firebase-ios-sdk" */;
			productName = FirebaseAnalyticsCore;
		};
		0C95DC832F3F0507002172BA /* FirebaseAnalyticsIdentitySupport */ = {
			isa = XCSwiftPackageProductDependency;
			package = 0C95DC7A2F3F0507002172BA /* XCRemoteSwiftPackageReference "firebase-ios-sdk" */;
			productName = FirebaseAnalyticsIdentitySupport;
		};
		0C95DC852F3F0507002172BA /* FirebaseAppCheck */ = {
			isa = XCSwiftPackageProductDependency;
			package = 0C95DC7A2F3F0507002172BA /* XCRemoteSwiftPackageReference "firebase-ios-sdk" */;
			productName = FirebaseAppCheck;
		};
		0C95DC872F3F0507002172BA /* FirebaseAppDistribution-Beta */ = {
			isa = XCSwiftPackageProductDependency;
			package = 0C95DC7A2F3F0507002172BA /* XCRemoteSwiftPackageReference "firebase-ios-sdk" */;
			productName = "FirebaseAppDistribution-Beta";
		};
		0C95DC892F3F0507002172BA /* FirebaseAuth */ = {
			isa = XCSwiftPackageProductDependency;
			package = 0C95DC7A2F3F0507002172BA /* XCRemoteSwiftPackageReference "firebase-ios-sdk" */;
			productName = FirebaseAuth;
		};
		0C95DC8B2F3F0507002172BA /* FirebaseAuthCombine-Community */ = {
			isa = XCSwiftPackageProductDependency;
			package = 0C95DC7A2F3F0507002172BA /* XCRemoteSwiftPackageReference "firebase-ios-sdk" */;
			productName = "FirebaseAuthCombine-Community";
		};
		0C95DC8D2F3F0507002172BA /* FirebaseCore */ = {
			isa = XCSwiftPackageProductDependency;
			package = 0C95DC7A2F3F0507002172BA /* XCRemoteSwiftPackageReference "firebase-ios-sdk" */;
			productName = FirebaseCore;
		};
		0C95DC8F2F3F0507002172BA /* FirebaseCrashlytics */ = {
			isa = XCSwiftPackageProductDependency;
			package = 0C95DC7A2F3F0507002172BA /* XCRemoteSwiftPackageReference "firebase-ios-sdk" */;
			productName = FirebaseCrashlytics;
		};
		0C95DC912F3F0507002172BA /* FirebaseDatabase */ = {
			isa = XCSwiftPackageProductDependency;
			package = 0C95DC7A2F3F0507002172BA /* XCRemoteSwiftPackageReference "firebase-ios-sdk" */;
			productName = FirebaseDatabase;
		};
		0C95DC932F3F0507002172BA /* FirebaseFirestore */ = {
			isa = XCSwiftPackageProductDependency;
			package = 0C95DC7A2F3F0507002172BA /* XCRemoteSwiftPackageReference "firebase-ios-sdk" */;
			productName = FirebaseFirestore;
		};
		0C95DC952F3F0507002172BA /* FirebaseFirestoreCombine-Community */ = {
			isa = XCSwiftPackageProductDependency;
			package = 0C95DC7A2F3F0507002172BA /* XCRemoteSwiftPackageReference "firebase-ios-sdk" */;
			productName = "FirebaseFirestoreCombine-Community";
		};
		0C95DC972F3F0507002172BA /* FirebaseFunctions */ = {
			isa = XCSwiftPackageProductDependency;
			package = 0C95DC7A2F3F0507002172BA /* XCRemoteSwiftPackageReference "firebase-ios-sdk" */;
			productName = FirebaseFunctions;
		};
		0C95DC992F3F0507002172BA /* FirebaseFunctionsCombine-Community */ = {
			isa = XCSwiftPackageProductDependency;
			package = 0C95DC7A2F3F0507002172BA /* XCRemoteSwiftPackageReference "firebase-ios-sdk" */;
			productName = "FirebaseFunctionsCombine-Community";
		};
		0C95DC9B2F3F0507002172BA /* FirebaseInAppMessaging-Beta */ = {
			isa = XCSwiftPackageProductDependency;
			package = 0C95DC7A2F3F0507002172BA /* XCRemoteSwiftPackageReference "firebase-ios-sdk" */;
			productName = "FirebaseInAppMessaging-Beta";
		};
		0C95DC9D2F3F0507002172BA /* FirebaseInstallations */ = {
			isa = XCSwiftPackageProductDependency;
			package = 0C95DC7A2F3F0507002172BA /* XCRemoteSwiftPackageReference "firebase-ios-sdk" */;
			productName = FirebaseInstallations;
		};
		0C95DC9F2F3F0507002172BA /* FirebaseMLModelDownloader */ = {
			isa = XCSwiftPackageProductDependency;
			package = 0C95DC7A2F3F0507002172BA /* XCRemoteSwiftPackageReference "firebase-ios-sdk" */;
			productName = FirebaseMLModelDownloader;
		};
		0C95DCA12F3F0507002172BA /* FirebaseMessaging */ = {
			isa = XCSwiftPackageProductDependency;
			package = 0C95DC7A2F3F0507002172BA /* XCRemoteSwiftPackageReference "firebase-ios-sdk" */;
			productName = FirebaseMessaging;
		};
		0C95DCA32F3F0507002172BA /* FirebasePerformance */ = {
			isa = XCSwiftPackageProductDependency;
			package = 0C95DC7A2F3F0507002172BA /* XCRemoteSwiftPackageReference "firebase-ios-sdk" */;
			productName = FirebasePerformance;
		};
		0C95DCA52F3F0507002172BA /* FirebaseRemoteConfig */ = {
			isa = XCSwiftPackageProductDependency;
			package = 0C95DC7A2F3F0507002172BA /* XCRemoteSwiftPackageReference "firebase-ios-sdk" */;
			productName = FirebaseRemoteConfig;
		};
		0C95DCA72F3F0507002172BA /* FirebaseStorage */ = {
			isa = XCSwiftPackageProductDependency;
			package = 0C95DC7A2F3F0507002172BA /* XCRemoteSwiftPackageReference "firebase-ios-sdk" */;
			productName = FirebaseStorage;
		};
		0C95DCA92F3F0507002172BA /* FirebaseStorageCombine-Community */ = {
			isa = XCSwiftPackageProductDependency;
			package = 0C95DC7A2F3F0507002172BA /* XCRemoteSwiftPackageReference "firebase-ios-sdk" */;
			productName = "FirebaseStorageCombine-Community";
		};
/* End XCSwiftPackageProductDependency section */
	};
	rootObject = 0C13196D2F2C43E7008A4B1E /* Project object */;
}
